
Microsoft Visual Studio Solution File, Format Version 12.00
# Visual Studio Version 17
VisualStudioVersion = 17.4.32804.182
MinimumVisualStudioVersion = 10.0.40219.1
Project("{FAE04EC0-301F-11D3-BF4B-00C04F79EFBC}") = "AirLineWeb", "AirLineWeb\AirLineWeb.csproj", "{BD345DB0-4519-4B6D-BD0D-9EB1298E2DCE}"
EndProject
Project("{FAE04EC0-301F-11D3-BF4B-00C04F79EFBC}") = "AirLineSendAgent", "AirLineSendAgent\AirLineSendAgent.csproj", "{6B16A625-0BEC-49E1-A2EF-5B7559703D4B}"
EndProject
Project("{FAE04EC0-301F-11D3-BF4B-00C04F79EFBC}") = "TravelAgentWeb", "TravelAgentWeb\TravelAgentWeb.csproj", "{2E70FD4C-C8B4-4D84-97E3-D2C1A465D441}"
EndProject
Project("{2150E333-8FDC-42A3-9474-1A3956D46DE8}") = "Solution Items", "Solution Items", "{DC4870A3-880B-4A66-A3DA-9855D6DA62AE}"
	ProjectSection(SolutionItems) = preProject
		docker-compose.yaml = docker-compose.yaml
	EndProjectSection
EndProject
Global
	GlobalSection(SolutionConfigurationPlatforms) = preSolution
		Debug|Any CPU = Debug|Any CPU
		Release|Any CPU = Release|Any CPU
	EndGlobalSection
	GlobalSection(ProjectConfigurationPlatforms) = postSolution
		{BD345DB0-4519-4B6D-BD0D-9EB1298E2DCE}.Debug|Any CPU.ActiveCfg = Debug|Any CPU
		{BD345DB0-4519-4B6D-BD0D-9EB1298E2DCE}.Debug|Any CPU.Build.0 = Debug|Any CPU
		{BD345DB0-4519-4B6D-BD0D-9EB1298E2DCE}.Release|Any CPU.ActiveCfg = Release|Any CPU
		{BD345DB0-4519-4B6D-BD0D-9EB1298E2DCE}.Release|Any CPU.Build.0 = Release|Any CPU
		{6B16A625-0BEC-49E1-A2EF-5B7559703D4B}.Debug|Any CPU.ActiveCfg = Debug|Any CPU
		{6B16A625-0BEC-49E1-A2EF-5B7559703D4B}.Debug|Any CPU.Build.0 = Debug|Any CPU
		{6B16A625-0BEC-49E1-A2EF-5B7559703D4B}.Release|Any CPU.ActiveCfg = Release|Any CPU
		{6B16A625-0BEC-49E1-A2EF-5B7559703D4B}.Release|Any CPU.Build.0 = Release|Any CPU
		{2E70FD4C-C8B4-4D84-97E3-D2C1A465D441}.Debug|Any CPU.ActiveCfg = Debug|Any CPU
		{2E70FD4C-C8B4-4D84-97E3-D2C1A465D441}.Debug|Any CPU.Build.0 = Debug|Any CPU
		{2E70FD4C-C8B4-4D84-97E3-D2C1A465D441}.Release|Any CPU.ActiveCfg = Release|Any CPU
		{2E70FD4C-C8B4-4D84-97E3-D2C1A465D441}.Release|Any CPU.Build.0 = Release|Any CPU
	EndGlobalSection
	GlobalSection(SolutionProperties) = preSolution
		HideSolutionNode = FALSE
	EndGlobalSection
	GlobalSection(ExtensibilityGlobals) = postSolution
		SolutionGuid = {82CFC55C-AC3B-4FCB-B8F9-D007FC90F7A0}
	EndGlobalSection
EndGlobal
